
Microsoft Visual Studio Solution File, Format Version 12.00
# Visual Studio Version 17
VisualStudioVersion = 17.7.34018.315
MinimumVisualStudioVersion = 10.0.40219.1
Project("{00D1A9C2-B5F0-4AF3-8072-F6C62B433612}") = "HotelAppDb", "HotelAppDb\HotelAppDb.sqlproj", "{D0C7886E-BA84-49F6-879E-2078ADC598AE}"
EndProject
Project("{9A19103F-16F7-4668-BE54-9A1E7A4F7556}") = "HotelAppLibraray", "HotelAppLibraray\HotelAppLibraray.csproj", "{270FBA71-247D-4F2C-83DB-7D70FA6A4EA8}"
EndProject
Project("{9A19103F-16F7-4668-BE54-9A1E7A4F7556}") = "HotelApp.Web", "HotelApp.Web\HotelApp.Web.csproj", "{56E01F3C-2A65-4D9C-A6EA-6A055B87A805}"
EndProject
Project("{FAE04EC0-301F-11D3-BF4B-00C04F79EFBC}") = "HotelDesktopApp", "HotelDesktopApp\HotelDesktopApp.csproj", "{CDDDC39C-6CD2-43E6-8BD0-E19FDBCAFC95}"
EndProject
Global
	GlobalSection(SolutionConfigurationPlatforms) = preSolution
		Debug|Any CPU = Debug|Any CPU
		Release|Any CPU = Release|Any CPU
	EndGlobalSection
	GlobalSection(ProjectConfigurationPlatforms) = postSolution
		{D0C7886E-BA84-49F6-879E-2078ADC598AE}.Debug|Any CPU.ActiveCfg = Debug|Any CPU
		{D0C7886E-BA84-49F6-879E-2078ADC598AE}.Debug|Any CPU.Build.0 = Debug|Any CPU
		{D0C7886E-BA84-49F6-879E-2078ADC598AE}.Debug|Any CPU.Deploy.0 = Debug|Any CPU
		{D0C7886E-BA84-49F6-879E-2078ADC598AE}.Release|Any CPU.ActiveCfg = Release|Any CPU
		{D0C7886E-BA84-49F6-879E-2078ADC598AE}.Release|Any CPU.Build.0 = Release|Any CPU
		{D0C7886E-BA84-49F6-879E-2078ADC598AE}.Release|Any CPU.Deploy.0 = Release|Any CPU
		{270FBA71-247D-4F2C-83DB-7D70FA6A4EA8}.Debug|Any CPU.ActiveCfg = Debug|Any CPU
		{270FBA71-247D-4F2C-83DB-7D70FA6A4EA8}.Debug|Any CPU.Build.0 = Debug|Any CPU
		{270FBA71-247D-4F2C-83DB-7D70FA6A4EA8}.Release|Any CPU.ActiveCfg = Release|Any CPU
		{270FBA71-247D-4F2C-83DB-7D70FA6A4EA8}.Release|Any CPU.Build.0 = Release|Any CPU
		{56E01F3C-2A65-4D9C-A6EA-6A055B87A805}.Debug|Any CPU.ActiveCfg = Debug|Any CPU
		{56E01F3C-2A65-4D9C-A6EA-6A055B87A805}.Debug|Any CPU.Build.0 = Debug|Any CPU
		{56E01F3C-2A65-4D9C-A6EA-6A055B87A805}.Release|Any CPU.ActiveCfg = Release|Any CPU
		{56E01F3C-2A65-4D9C-A6EA-6A055B87A805}.Release|Any CPU.Build.0 = Release|Any CPU
		{CDDDC39C-6CD2-43E6-8BD0-E19FDBCAFC95}.Debug|Any CPU.ActiveCfg = Debug|Any CPU
		{CDDDC39C-6CD2-43E6-8BD0-E19FDBCAFC95}.Debug|Any CPU.Build.0 = Debug|Any CPU
		{CDDDC39C-6CD2-43E6-8BD0-E19FDBCAFC95}.Release|Any CPU.ActiveCfg = Release|Any CPU
		{CDDDC39C-6CD2-43E6-8BD0-E19FDBCAFC95}.Release|Any CPU.Build.0 = Release|Any CPU
	EndGlobalSection
	GlobalSection(SolutionProperties) = preSolution
		HideSolutionNode = FALSE
	EndGlobalSection
	GlobalSection(ExtensibilityGlobals) = postSolution
		SolutionGuid = {F124B82A-AEEE-4A57-BAE9-C4F9EF206B3A}
	EndGlobalSection
EndGlobal
